github.com/hugomods/icons v0.6.0 h1:G6RU93okhPPRDh/jqcew9gwkcYpSpg0rCBv4S6yUAFw=
github.com/hugomods/icons v0.6.0/go.mod h1:cIkSvK6W0q6N4U6n9KGz+QfRWQXAW0INd+1P31gPNGg=
github.com/hugomods/icons/vendors/simple-icons v1.0.9 h1:ozJ1MSB+HdWtvSzqJDjqb5W4D764oailCexZQ/GLiZI=
github.com/hugomods/icons/vendors/simple-icons v1.0.9/go.mod h1:N25uIaNZSI+V/7sIVzIiVYzLdLb8wLQdtU8+bDqAfFE=
